<?xml version="1.0" encoding="utf-8"?>
<Project ToolsVersion="4.0" xmlns="http://schemas.microsoft.com/developer/msbuild/2003">
  <ItemGroup>
    <ClCompile Include="..\..\..\src\raylib_game.cpp" />
    <ClCompile Include="..\..\..\src\normal_snake.cpp" />
    <ClCompile Include="..\..\..\src\normal_apple.cpp" />
    <ClCompile Include="..\..\..\src\grid.cpp" />
    <ClCompile Include="..\..\..\src\snake.cpp" />
    <ClCompile Include="..\..\..\src\physics_object.cpp" />
    <ClCompile Include="..\..\..\src\hook_snake.cpp" />
    <ClCompile Include="..\..\..\src\screen_logo.cpp" />
    <ClCompile Include="..\..\..\src\apple.cpp" />
    <ClCompile Include="..\..\..\src\apple_manager.cpp" />
  </ItemGroup>
  <ItemGroup>
    <ResourceCompile Include="..\..\..\src\raylib_game.rc" />
  </ItemGroup>
  <ItemGroup>
    <Filter Include="Header Files">
      <UniqueIdentifier>{3fcd3eb2-0982-4b8d-9e52-82dec3b97d46}</UniqueIdentifier>
    </Filter>
    <Filter Include="Shaders">
      <UniqueIdentifier>{fd3f2ada-4906-45ec-97ec-bf83a70d4275}</UniqueIdentifier>
    </Filter>
  </ItemGroup>
  <ItemGroup>
    <ClInclude Include="..\..\..\src\normal_snake.h">
      <Filter>Header Files</Filter>
    </ClInclude>
    <ClInclude Include="..\..\..\src\normal_apple.h">
      <Filter>Header Files</Filter>
    </ClInclude>
    <ClInclude Include="..\..\..\src\reasings.h">
      <Filter>Header Files</Filter>
    </ClInclude>
    <ClInclude Include="..\..\..\src\grid.h">
      <Filter>Header Files</Filter>
    </ClInclude>
    <ClInclude Include="..\..\..\src\snake.h">
      <Filter>Header Files</Filter>
    </ClInclude>
    <ClInclude Include="..\..\..\src\physics_object.h">
      <Filter>Header Files</Filter>
    </ClInclude>
    <ClInclude Include="..\..\..\src\hook_snake.h">
      <Filter>Header Files</Filter>
    </ClInclude>
    <ClInclude Include="..\..\..\src\screens.h">
      <Filter>Header Files</Filter>
    </ClInclude>
    <ClInclude Include="..\..\..\src\apple.h">
      <Filter>Header Files</Filter>
    </ClInclude>
    <ClInclude Include="..\..\..\src\apple_manager.h">
      <Filter>Header Files</Filter>
    </ClInclude>
  </ItemGroup>
  <ItemGroup>
    <None Include="..\..\..\src\text.fs">
      <Filter>Shaders</Filter>
    </None>
    <None Include="..\..\..\src\text.vs">
      <Filter>Shaders</Filter>
    </None>
    <None Include="..\..\..\src\resources\shaders\textWeb.fs">
      <Filter>Shaders</Filter>
    </None>
    <None Include="..\..\..\src\resources\shaders\textWeb.vs">
      <Filter>Shaders</Filter>
    </None>
  </ItemGroup>
</Project>